
Microsoft Visual Studio Solution File, Format Version 12.00
# Visual Studio Version 17
VisualStudioVersion = 17.5.33424.131
MinimumVisualStudioVersion = 10.0.40219.1
Project("{FAE04EC0-301F-11D3-BF4B-00C04F79EFBC}") = "MvcCoreClienteApis", "MvcCoreClienteApis\MvcCoreClienteApis.csproj", "{5692D2B8-DE27-4CE7-B192-3F3912F7FBB0}"
EndProject
Global
	GlobalSection(SolutionConfigurationPlatforms) = preSolution
		Debug|Any CPU = Debug|Any CPU
		Release|Any CPU = Release|Any CPU
	EndGlobalSection
	GlobalSection(ProjectConfigurationPlatforms) = postSolution
		{5692D2B8-DE27-4CE7-B192-3F3912F7FBB0}.Debug|Any CPU.ActiveCfg = Debug|Any CPU
		{5692D2B8-DE27-4CE7-B192-3F3912F7FBB0}.Debug|Any CPU.Build.0 = Debug|Any CPU
		{5692D2B8-DE27-4CE7-B192-3F3912F7FBB0}.Release|Any CPU.ActiveCfg = Release|Any CPU
		{5692D2B8-DE27-4CE7-B192-3F3912F7FBB0}.Release|Any CPU.Build.0 = Release|Any CPU
	EndGlobalSection
	GlobalSection(SolutionProperties) = preSolution
		HideSolutionNode = FALSE
	EndGlobalSection
	GlobalSection(ExtensibilityGlobals) = postSolution
		SolutionGuid = {EC80EF09-D139-41D5-BA9D-8A101A21C8E9}
	EndGlobalSection
EndGlobal
